
Microsoft Visual Studio Solution File, Format Version 12.00
# Visual Studio Version 16
VisualStudioVersion = 16.0.32630.194
MinimumVisualStudioVersion = 10.0.40219.1
Project("{FAE04EC0-301F-11D3-BF4B-00C04F79EFBC}") = "codewars", "codewars.csproj", "{116A4669-F0E9-4E1E-8A54-05AD2CD5413C}"
EndProject
Global
	GlobalSection(SolutionConfigurationPlatforms) = preSolution
		Debug|Any CPU = Debug|Any CPU
		Release|Any CPU = Release|Any CPU
	EndGlobalSection
	GlobalSection(ProjectConfigurationPlatforms) = postSolution
		{116A4669-F0E9-4E1E-8A54-05AD2CD5413C}.Debug|Any CPU.ActiveCfg = Debug|Any CPU
		{116A4669-F0E9-4E1E-8A54-05AD2CD5413C}.Debug|Any CPU.Build.0 = Debug|Any CPU
		{116A4669-F0E9-4E1E-8A54-05AD2CD5413C}.Release|Any CPU.ActiveCfg = Release|Any CPU
		{116A4669-F0E9-4E1E-8A54-05AD2CD5413C}.Release|Any CPU.Build.0 = Release|Any CPU
	EndGlobalSection
	GlobalSection(SolutionProperties) = preSolution
		HideSolutionNode = FALSE
	EndGlobalSection
	GlobalSection(ExtensibilityGlobals) = postSolution
		SolutionGuid = {6C4F6ECC-D6CC-4846-83AD-22BE473D443B}
	EndGlobalSection
EndGlobal
